
Microsoft Visual Studio Solution File, Format Version 12.00
# Visual Studio Version 17
VisualStudioVersion = 17.7.34031.279
MinimumVisualStudioVersion = 10.0.40219.1
Project("{FAE04EC0-301F-11D3-BF4B-00C04F79EFBC}") = "hw4", "hw4\hw4.csproj", "{6BE20946-8587-4FC3-867D-6044382E3966}"
EndProject
Global
	GlobalSection(SolutionConfigurationPlatforms) = preSolution
		Debug|Any CPU = Debug|Any CPU
		Release|Any CPU = Release|Any CPU
	EndGlobalSection
	GlobalSection(ProjectConfigurationPlatforms) = postSolution
		{6BE20946-8587-4FC3-867D-6044382E3966}.Debug|Any CPU.ActiveCfg = Debug|Any CPU
		{6BE20946-8587-4FC3-867D-6044382E3966}.Debug|Any CPU.Build.0 = Debug|Any CPU
		{6BE20946-8587-4FC3-867D-6044382E3966}.Release|Any CPU.ActiveCfg = Release|Any CPU
		{6BE20946-8587-4FC3-867D-6044382E3966}.Release|Any CPU.Build.0 = Release|Any CPU
	EndGlobalSection
	GlobalSection(SolutionProperties) = preSolution
		HideSolutionNode = FALSE
	EndGlobalSection
	GlobalSection(ExtensibilityGlobals) = postSolution
		SolutionGuid = {55045F36-E506-41B9-8969-3A34BEFE4BE9}
	EndGlobalSection
EndGlobal
